// !$*UTF8*$!
{
	archiveVersion = 1;
	classes = {
	};
	objectVersion = 56;
	objects = {

/* Begin PBXBuildFile section */
		55BC89032BD750B800712A11 /* UsersView.swift in Sources */ = {isa = PBXBuildFile; fileRef = 55BC89022BD750B800712A11 /* UsersView.swift */; };
		55BC89052BD752E400712A11 /* UsersViewModel.swift in Sources */ = {isa = PBXBuildFile; fileRef = 55BC89042BD752E400712A11 /* UsersViewModel.swift */; };
		55BC89092BD7530900712A11 /* SettingsFormView.swift in Sources */ = {isa = PBXBuildFile; fileRef = 55BC89082BD7530900712A11 /* SettingsFormView.swift */; };
		55BC890B2BD77E0E00712A11 /* SubscriptionsView.swift in Sources */ = {isa = PBXBuildFile; fileRef = 55BC890A2BD77E0E00712A11 /* SubscriptionsView.swift */; };
		55BC890D2BD77E1700712A11 /* SubscriptionsViewModel.swift in Sources */ = {isa = PBXBuildFile; fileRef = 55BC890C2BD77E1700712A11 /* SubscriptionsViewModel.swift */; };
		55BC89102BD77E5700712A11 /* PermissionsView.swift in Sources */ = {isa = PBXBuildFile; fileRef = 55BC890F2BD77E5700712A11 /* PermissionsView.swift */; };
		55BC89122BD77E5E00712A11 /* PermissionsViewModel.swift in Sources */ = {isa = PBXBuildFile; fileRef = 55BC89112BD77E5E00712A11 /* PermissionsViewModel.swift */; };
		55BC89152BD784F200712A11 /* AddSubscriptionView.swift in Sources */ = {isa = PBXBuildFile; fileRef = 55BC89142BD784F200712A11 /* AddSubscriptionView.swift */; };
		55BC89172BD784FB00712A11 /* AddSubscriptionViewModel.swift in Sources */ = {isa = PBXBuildFile; fileRef = 55BC89162BD784FB00712A11 /* AddSubscriptionViewModel.swift */; };
		55C8255C2BCF37EA00BFFA07 /* ClientsView.swift in Sources */ = {isa = PBXBuildFile; fileRef = 55C8255B2BCF37EA00BFFA07 /* ClientsView.swift */; };
		55C8255E2BCF37F500BFFA07 /* ClientsViewModel.swift in Sources */ = {isa = PBXBuildFile; fileRef = 55C8255D2BCF37F500BFFA07 /* ClientsViewModel.swift */; };
		55C825602BCF3E5800BFFA07 /* ApiServices.swift in Sources */ = {isa = PBXBuildFile; fileRef = 55C8255F2BCF3E5800BFFA07 /* ApiServices.swift */; };
		55C825622BCF3E9A00BFFA07 /* AWSSecrets.swift in Sources */ = {isa = PBXBuildFile; fileRef = 55C825612BCF3E9A00BFFA07 /* AWSSecrets.swift */; };
		55C825652BCF417600BFFA07 /* Alamofire in Frameworks */ = {isa = PBXBuildFile; productRef = 55C825642BCF417600BFFA07 /* Alamofire */; };
		55C825672BCF417600BFFA07 /* AlamofireDynamic in Frameworks */ = {isa = PBXBuildFile; productRef = 55C825662BCF417600BFFA07 /* AlamofireDynamic */; };
		55C8256A2BCF4E1700BFFA07 /* AddClientView.swift in Sources */ = {isa = PBXBuildFile; fileRef = 55C825692BCF4E1700BFFA07 /* AddClientView.swift */; };
		55C8256C2BD0949400BFFA07 /* AddClientViewModel.swift in Sources */ = {isa = PBXBuildFile; fileRef = 55C8256B2BD0949400BFFA07 /* AddClientViewModel.swift */; };
		55C9BA112B8EFE3D000DA101 /* Colors.swift in Sources */ = {isa = PBXBuildFile; fileRef = 55C9BA102B8EFE3D000DA101 /* Colors.swift */; };
		55C9BA152B8EFFEC000DA101 /* TabBarView.swift in Sources */ = {isa = PBXBuildFile; fileRef = 55C9BA142B8EFFEC000DA101 /* TabBarView.swift */; };
		55C9BA1A2B8F0685000DA101 /* EmailLoginView.swift in Sources */ = {isa = PBXBuildFile; fileRef = 55C9BA192B8F0685000DA101 /* EmailLoginView.swift */; };
		55C9BA1C2B8F068F000DA101 /* EmailLoginModel.swift in Sources */ = {isa = PBXBuildFile; fileRef = 55C9BA1B2B8F068F000DA101 /* EmailLoginModel.swift */; };
		55C9BA1E2B8F0920000DA101 /* Buttons.swift in Sources */ = {isa = PBXBuildFile; fileRef = 55C9BA1D2B8F0920000DA101 /* Buttons.swift */; };
		55C9BA212B8F0B94000DA101 /* AWSCognitoAuthPlugin in Frameworks */ = {isa = PBXBuildFile; productRef = 55C9BA202B8F0B94000DA101 /* AWSCognitoAuthPlugin */; };
		55C9BA232B8F0B94000DA101 /* AWSPluginsCore in Frameworks */ = {isa = PBXBuildFile; productRef = 55C9BA222B8F0B94000DA101 /* AWSPluginsCore */; };
		55C9BA252B8F0B94000DA101 /* Amplify in Frameworks */ = {isa = PBXBuildFile; productRef = 55C9BA242B8F0B94000DA101 /* Amplify */; };
		55C9BA272B8F0C36000DA101 /* amplifyconfiguration-dev.json in Resources */ = {isa = PBXBuildFile; fileRef = 55C9BA262B8F0C36000DA101 /* amplifyconfiguration-dev.json */; };
		55C9BA2C2B8F0CC5000DA101 /* SignUpView.swift in Sources */ = {isa = PBXBuildFile; fileRef = 55C9BA2B2B8F0CC5000DA101 /* SignUpView.swift */; };
		55C9BA2E2B8F0CCE000DA101 /* SignUpModel.swift in Sources */ = {isa = PBXBuildFile; fileRef = 55C9BA2D2B8F0CCE000DA101 /* SignUpModel.swift */; };
		55C9BA332B900D39000DA101 /* RegisterView.swift in Sources */ = {isa = PBXBuildFile; fileRef = 55C9BA322B900D39000DA101 /* RegisterView.swift */; };
		55C9BA352B900D40000DA101 /* RegisterModel.swift in Sources */ = {isa = PBXBuildFile; fileRef = 55C9BA342B900D40000DA101 /* RegisterModel.swift */; };
		55F1691C2B84323400A0E057 /* LabCevitApp.swift in Sources */ = {isa = PBXBuildFile; fileRef = 55F1691B2B84323400A0E057 /* LabCevitApp.swift */; };
		55F1691E2B84323400A0E057 /* AuthenticationView.swift in Sources */ = {isa = PBXBuildFile; fileRef = 55F1691D2B84323400A0E057 /* AuthenticationView.swift */; };
		55F169202B84323500A0E057 /* Assets.xcassets in Resources */ = {isa = PBXBuildFile; fileRef = 55F1691F2B84323500A0E057 /* Assets.xcassets */; };
		55F169232B84323500A0E057 /* Preview Assets.xcassets in Resources */ = {isa = PBXBuildFile; fileRef = 55F169222B84323500A0E057 /* Preview Assets.xcassets */; };
/* End PBXBuildFile section */

/* Begin PBXFileReference section */
		55BC89022BD750B800712A11 /* UsersView.swift */ = {isa = PBXFileReference; lastKnownFileType = sourcecode.swift; path = UsersView.swift; sourceTree = "<group>"; };
		55BC89042BD752E400712A11 /* UsersViewModel.swift */ = {isa = PBXFileReference; lastKnownFileType = sourcecode.swift; path = UsersViewModel.swift; sourceTree = "<group>"; };
		55BC89082BD7530900712A11 /* SettingsFormView.swift */ = {isa = PBXFileReference; lastKnownFileType = sourcecode.swift; path = SettingsFormView.swift; sourceTree = "<group>"; };
		55BC890A2BD77E0E00712A11 /* SubscriptionsView.swift */ = {isa = PBXFileReference; lastKnownFileType = sourcecode.swift; path = SubscriptionsView.swift; sourceTree = "<group>"; };
		55BC890C2BD77E1700712A11 /* SubscriptionsViewModel.swift */ = {isa = PBXFileReference; lastKnownFileType = sourcecode.swift; path = SubscriptionsViewModel.swift; sourceTree = "<group>"; };
		55BC890F2BD77E5700712A11 /* PermissionsView.swift */ = {isa = PBXFileReference; lastKnownFileType = sourcecode.swift; path = PermissionsView.swift; sourceTree = "<group>"; };
		55BC89112BD77E5E00712A11 /* PermissionsViewModel.swift */ = {isa = PBXFileReference; lastKnownFileType = sourcecode.swift; path = PermissionsViewModel.swift; sourceTree = "<group>"; };
		55BC89142BD784F200712A11 /* AddSubscriptionView.swift */ = {isa = PBXFileReference; lastKnownFileType = sourcecode.swift; path = AddSubscriptionView.swift; sourceTree = "<group>"; };
		55BC89162BD784FB00712A11 /* AddSubscriptionViewModel.swift */ = {isa = PBXFileReference; lastKnownFileType = sourcecode.swift; path = AddSubscriptionViewModel.swift; sourceTree = "<group>"; };
		55C8255B2BCF37EA00BFFA07 /* ClientsView.swift */ = {isa = PBXFileReference; lastKnownFileType = sourcecode.swift; path = ClientsView.swift; sourceTree = "<group>"; };
		55C8255D2BCF37F500BFFA07 /* ClientsViewModel.swift */ = {isa = PBXFileReference; lastKnownFileType = sourcecode.swift; path = ClientsViewModel.swift; sourceTree = "<group>"; };
		55C8255F2BCF3E5800BFFA07 /* ApiServices.swift */ = {isa = PBXFileReference; lastKnownFileType = sourcecode.swift; path = ApiServices.swift; sourceTree = "<group>"; };
		55C825612BCF3E9A00BFFA07 /* AWSSecrets.swift */ = {isa = PBXFileReference; lastKnownFileType = sourcecode.swift; path = AWSSecrets.swift; sourceTree = "<group>"; };
		55C825692BCF4E1700BFFA07 /* AddClientView.swift */ = {isa = PBXFileReference; lastKnownFileType = sourcecode.swift; path = AddClientView.swift; sourceTree = "<group>"; };
		55C8256B2BD0949400BFFA07 /* AddClientViewModel.swift */ = {isa = PBXFileReference; lastKnownFileType = sourcecode.swift; path = AddClientViewModel.swift; sourceTree = "<group>"; };
		55C9BA102B8EFE3D000DA101 /* Colors.swift */ = {isa = PBXFileReference; lastKnownFileType = sourcecode.swift; path = Colors.swift; sourceTree = "<group>"; };
		55C9BA142B8EFFEC000DA101 /* TabBarView.swift */ = {isa = PBXFileReference; lastKnownFileType = sourcecode.swift; path = TabBarView.swift; sourceTree = "<group>"; };
		55C9BA192B8F0685000DA101 /* EmailLoginView.swift */ = {isa = PBXFileReference; lastKnownFileType = sourcecode.swift; path = EmailLoginView.swift; sourceTree = "<group>"; };
		55C9BA1B2B8F068F000DA101 /* EmailLoginModel.swift */ = {isa = PBXFileReference; lastKnownFileType = sourcecode.swift; path = EmailLoginModel.swift; sourceTree = "<group>"; };
		55C9BA1D2B8F0920000DA101 /* Buttons.swift */ = {isa = PBXFileReference; lastKnownFileType = sourcecode.swift; path = Buttons.swift; sourceTree = "<group>"; };
		55C9BA262B8F0C36000DA101 /* amplifyconfiguration-dev.json */ = {isa = PBXFileReference; fileEncoding = 4; lastKnownFileType = text.json; path = "amplifyconfiguration-dev.json"; sourceTree = "<group>"; };
		55C9BA2B2B8F0CC5000DA101 /* SignUpView.swift */ = {isa = PBXFileReference; lastKnownFileType = sourcecode.swift; path = SignUpView.swift; sourceTree = "<group>"; };
		55C9BA2D2B8F0CCE000DA101 /* SignUpModel.swift */ = {isa = PBXFileReference; lastKnownFileType = sourcecode.swift; path = SignUpModel.swift; sourceTree = "<group>"; };
		55C9BA322B900D39000DA101 /* RegisterView.swift */ = {isa = PBXFileReference; lastKnownFileType = sourcecode.swift; path = RegisterView.swift; sourceTree = "<group>"; };
		55C9BA342B900D40000DA101 /* RegisterModel.swift */ = {isa = PBXFileReference; lastKnownFileType = sourcecode.swift; path = RegisterModel.swift; sourceTree = "<group>"; };
		55F169182B84323400A0E057 /* LabCevit.app */ = {isa = PBXFileReference; explicitFileType = wrapper.application; includeInIndex = 0; path = LabCevit.app; sourceTree = BUILT_PRODUCTS_DIR; };
		55F1691B2B84323400A0E057 /* LabCevitApp.swift */ = {isa = PBXFileReference; lastKnownFileType = sourcecode.swift; path = LabCevitApp.swift; sourceTree = "<group>"; };
		55F1691D2B84323400A0E057 /* AuthenticationView.swift */ = {isa = PBXFileReference; lastKnownFileType = sourcecode.swift; path = AuthenticationView.swift; sourceTree = "<group>"; };
		55F1691F2B84323500A0E057 /* Assets.xcassets */ = {isa = PBXFileReference; lastKnownFileType = folder.assetcatalog; path = Assets.xcassets; sourceTree = "<group>"; };
		55F169222B84323500A0E057 /* Preview Assets.xcassets */ = {isa = PBXFileReference; lastKnownFileType = folder.assetcatalog; path = "Preview Assets.xcassets"; sourceTree = "<group>"; };
/* End PBXFileReference section */

/* Begin PBXFrameworksBuildPhase section */
		55F169152B84323400A0E057 /* Frameworks */ = {
			isa = PBXFrameworksBuildPhase;
			buildActionMask = 2147483647;
			files = (
				55C9BA252B8F0B94000DA101 /* Amplify in Frameworks */,
				55C825652BCF417600BFFA07 /* Alamofire in Frameworks */,
				55C825672BCF417600BFFA07 /* AlamofireDynamic in Frameworks */,
				55C9BA232B8F0B94000DA101 /* AWSPluginsCore in Frameworks */,
				55C9BA212B8F0B94000DA101 /* AWSCognitoAuthPlugin in Frameworks */,
			);
			runOnlyForDeploymentPostprocessing = 0;
		};
/* End PBXFrameworksBuildPhase section */

/* Begin PBXGroup section */
		55BC89012BD7507000712A11 /* Users */ = {
			isa = PBXGroup;
			children = (
				55BC89022BD750B800712A11 /* UsersView.swift */,
				55BC89042BD752E400712A11 /* UsersViewModel.swift */,
			);
			path = Users;
			sourceTree = "<group>";
		};
		55BC89062BD752E900712A11 /* SettingsForm */ = {
			isa = PBXGroup;
			children = (
				55BC890E2BD77E4C00712A11 /* Permissions */,
				55BC89132BD784E200712A11 /* AddSubscription */,
				55BC89072BD752F300712A11 /* Subscriptions */,
				55BC89082BD7530900712A11 /* SettingsFormView.swift */,
			);
			path = SettingsForm;
			sourceTree = "<group>";
		};
		55BC89072BD752F300712A11 /* Subscriptions */ = {
			isa = PBXGroup;
			children = (
				55BC890A2BD77E0E00712A11 /* SubscriptionsView.swift */,
				55BC890C2BD77E1700712A11 /* SubscriptionsViewModel.swift */,
			);
			path = Subscriptions;
			sourceTree = "<group>";
		};
		55BC890E2BD77E4C00712A11 /* Permissions */ = {
			isa = PBXGroup;
			children = (
				55BC890F2BD77E5700712A11 /* PermissionsView.swift */,
				55BC89112BD77E5E00712A11 /* PermissionsViewModel.swift */,
			);
			path = Permissions;
			sourceTree = "<group>";
		};
		55BC89132BD784E200712A11 /* AddSubscription */ = {
			isa = PBXGroup;
			children = (
				55BC89142BD784F200712A11 /* AddSubscriptionView.swift */,
				55BC89162BD784FB00712A11 /* AddSubscriptionViewModel.swift */,
			);
			path = AddSubscription;
			sourceTree = "<group>";
		};
		55C825582BCF37AF00BFFA07 /* Services */ = {
			isa = PBXGroup;
			children = (
				55C8255F2BCF3E5800BFFA07 /* ApiServices.swift */,
				55C825612BCF3E9A00BFFA07 /* AWSSecrets.swift */,
			);
			path = Services;
			sourceTree = "<group>";
		};
		55C825592BCF37CD00BFFA07 /* Clients */ = {
			isa = PBXGroup;
			children = (
				55C8255B2BCF37EA00BFFA07 /* ClientsView.swift */,
				55C8255D2BCF37F500BFFA07 /* ClientsViewModel.swift */,
			);
			path = Clients;
			sourceTree = "<group>";
		};
		55C825682BCF4E0D00BFFA07 /* AddClient */ = {
			isa = PBXGroup;
			children = (
				55C825692BCF4E1700BFFA07 /* AddClientView.swift */,
				55C8256B2BD0949400BFFA07 /* AddClientViewModel.swift */,
			);
			path = AddClient;
			sourceTree = "<group>";
		};
		55C9BA122B8EFFBE000DA101 /* Main */ = {
			isa = PBXGroup;
			children = (
				55BC89062BD752E900712A11 /* SettingsForm */,
				55BC89012BD7507000712A11 /* Users */,
				55C825682BCF4E0D00BFFA07 /* AddClient */,
				55C825592BCF37CD00BFFA07 /* Clients */,
				55C9BA132B8EFFC6000DA101 /* TabBar */,
			);
			path = Main;
			sourceTree = "<group>";
		};
		55C9BA132B8EFFC6000DA101 /* TabBar */ = {
			isa = PBXGroup;
			children = (
				55C9BA142B8EFFEC000DA101 /* TabBarView.swift */,
			);
			path = TabBar;
			sourceTree = "<group>";
		};
		55C9BA162B8F0670000DA101 /* EmailLogin */ = {
			isa = PBXGroup;
			children = (
				55C9BA1B2B8F068F000DA101 /* EmailLoginModel.swift */,
				55C9BA192B8F0685000DA101 /* EmailLoginView.swift */,
			);
			path = EmailLogin;
			sourceTree = "<group>";
		};
		55C9BA282B8F0CA0000DA101 /* SignUp */ = {
			isa = PBXGroup;
			children = (
				55C9BA2D2B8F0CCE000DA101 /* SignUpModel.swift */,
				55C9BA2B2B8F0CC5000DA101 /* SignUpView.swift */,
			);
			path = SignUp;
			sourceTree = "<group>";
		};
		55C9BA2F2B900D27000DA101 /* Register */ = {
			isa = PBXGroup;
			children = (
				55C9BA342B900D40000DA101 /* RegisterModel.swift */,
				55C9BA322B900D39000DA101 /* RegisterView.swift */,
			);
			path = Register;
			sourceTree = "<group>";
		};
		55F1690F2B84323400A0E057 = {
			isa = PBXGroup;
			children = (
				55F1691A2B84323400A0E057 /* LabCevit */,
				55F169192B84323400A0E057 /* Products */,
			);
			sourceTree = "<group>";
		};
		55F169192B84323400A0E057 /* Products */ = {
			isa = PBXGroup;
			children = (
				55F169182B84323400A0E057 /* LabCevit.app */,
			);
			name = Products;
			sourceTree = "<group>";
		};
		55F1691A2B84323400A0E057 /* LabCevit */ = {
			isa = PBXGroup;
			children = (
				55C825582BCF37AF00BFFA07 /* Services */,
				55C9BA122B8EFFBE000DA101 /* Main */,
				55F1692D2B8433B600A0E057 /* Onboarding */,
				55F1692A2B84336200A0E057 /* Defaults */,
				55F169292B84335C00A0E057 /* Utilities */,
				55F1691F2B84323500A0E057 /* Assets.xcassets */,
				55C9BA262B8F0C36000DA101 /* amplifyconfiguration-dev.json */,
				55F169212B84323500A0E057 /* Preview Content */,
			);
			path = LabCevit;
			sourceTree = "<group>";
		};
		55F169212B84323500A0E057 /* Preview Content */ = {
			isa = PBXGroup;
			children = (
				55F169222B84323500A0E057 /* Preview Assets.xcassets */,
			);
			path = "Preview Content";
			sourceTree = "<group>";
		};
		55F169292B84335C00A0E057 /* Utilities */ = {
			isa = PBXGroup;
			children = (
				55C9BA102B8EFE3D000DA101 /* Colors.swift */,
				55C9BA1D2B8F0920000DA101 /* Buttons.swift */,
			);
			path = Utilities;
			sourceTree = "<group>";
		};
		55F1692A2B84336200A0E057 /* Defaults */ = {
			isa = PBXGroup;
			children = (
				55F1691B2B84323400A0E057 /* LabCevitApp.swift */,
				55F1691D2B84323400A0E057 /* AuthenticationView.swift */,
			);
			path = Defaults;
			sourceTree = "<group>";
		};
		55F1692D2B8433B600A0E057 /* Onboarding */ = {
			isa = PBXGroup;
			children = (
				55C9BA2F2B900D27000DA101 /* Register */,
				55C9BA282B8F0CA0000DA101 /* SignUp */,
				55C9BA162B8F0670000DA101 /* EmailLogin */,
			);
			path = Onboarding;
			sourceTree = "<group>";
		};
/* End PBXGroup section */

/* Begin PBXNativeTarget section */
		55F169172B84323400A0E057 /* LabCevit */ = {
			isa = PBXNativeTarget;
			buildConfigurationList = 55F169262B84323500A0E057 /* Build configuration list for PBXNativeTarget "LabCevit" */;
			buildPhases = (
				55F169142B84323400A0E057 /* Sources */,
				55F169152B84323400A0E057 /* Frameworks */,
				55F169162B84323400A0E057 /* Resources */,
			);
			buildRules = (
			);
			dependencies = (
			);
			name = LabCevit;
			packageProductDependencies = (
				55C9BA202B8F0B94000DA101 /* AWSCognitoAuthPlugin */,
				55C9BA222B8F0B94000DA101 /* AWSPluginsCore */,
				55C9BA242B8F0B94000DA101 /* Amplify */,
				55C825642BCF417600BFFA07 /* Alamofire */,
				55C825662BCF417600BFFA07 /* AlamofireDynamic */,
			);
			productName = LabCevit;
			productReference = 55F169182B84323400A0E057 /* LabCevit.app */;
			productType = "com.apple.product-type.application";
		};
/* End PBXNativeTarget section */

/* Begin PBXProject section */
		55F169102B84323400A0E057 /* Project object */ = {
			isa = PBXProject;
			attributes = {
				BuildIndependentTargetsInParallel = 1;
				LastSwiftUpdateCheck = 1520;
				LastUpgradeCheck = 1520;
				TargetAttributes = {
					55F169172B84323400A0E057 = {
						CreatedOnToolsVersion = 15.2;
					};
				};
			};
			buildConfigurationList = 55F169132B84323400A0E057 /* Build configuration list for PBXProject "LabCevit" */;
			compatibilityVersion = "Xcode 14.0";
			developmentRegion = en;
			hasScannedForEncodings = 0;
			knownRegions = (
				en,
				Base,
			);
			mainGroup = 55F1690F2B84323400A0E057;
			packageReferences = (
				55C9BA1F2B8F0B94000DA101 /* XCRemoteSwiftPackageReference "amplify-swift" */,
				55C825632BCF417600BFFA07 /* XCRemoteSwiftPackageReference "Alamofire" */,
			);
			productRefGroup = 55F169192B84323400A0E057 /* Products */;
			projectDirPath = "";
			projectRoot = "";
			targets = (
				55F169172B84323400A0E057 /* LabCevit */,
			);
		};
/* End PBXProject section */

/* Begin PBXResourcesBuildPhase section */
		55F169162B84323400A0E057 /* Resources */ = {
			isa = PBXResourcesBuildPhase;
			buildActionMask = 2147483647;
			files = (
				55F169232B84323500A0E057 /* Preview Assets.xcassets in Resources */,
				55F169202B84323500A0E057 /* Assets.xcassets in Resources */,
				55C9BA272B8F0C36000DA101 /* amplifyconfiguration-dev.json in Resources */,
			);
			runOnlyForDeploymentPostprocessing = 0;
		};
/* End PBXResourcesBuildPhase section */

/* Begin PBXSourcesBuildPhase section */
		55F169142B84323400A0E057 /* Sources */ = {
			isa = PBXSourcesBuildPhase;
			buildActionMask = 2147483647;
			files = (
				55C9BA1E2B8F0920000DA101 /* Buttons.swift in Sources */,
				55C8256A2BCF4E1700BFFA07 /* AddClientView.swift in Sources */,
				55C9BA332B900D39000DA101 /* RegisterView.swift in Sources */,
				55BC890D2BD77E1700712A11 /* SubscriptionsViewModel.swift in Sources */,
				55C825622BCF3E9A00BFFA07 /* AWSSecrets.swift in Sources */,
				55F1691E2B84323400A0E057 /* AuthenticationView.swift in Sources */,
				55BC89092BD7530900712A11 /* SettingsFormView.swift in Sources */,
				55BC890B2BD77E0E00712A11 /* SubscriptionsView.swift in Sources */,
				55BC89032BD750B800712A11 /* UsersView.swift in Sources */,
				55C8256C2BD0949400BFFA07 /* AddClientViewModel.swift in Sources */,
				55C9BA1C2B8F068F000DA101 /* EmailLoginModel.swift in Sources */,
				55C9BA2E2B8F0CCE000DA101 /* SignUpModel.swift in Sources */,
				55C8255C2BCF37EA00BFFA07 /* ClientsView.swift in Sources */,
				55BC89122BD77E5E00712A11 /* PermissionsViewModel.swift in Sources */,
				55C9BA112B8EFE3D000DA101 /* Colors.swift in Sources */,
				55C9BA352B900D40000DA101 /* RegisterModel.swift in Sources */,
				55BC89052BD752E400712A11 /* UsersViewModel.swift in Sources */,
				55C825602BCF3E5800BFFA07 /* ApiServices.swift in Sources */,
				55BC89152BD784F200712A11 /* AddSubscriptionView.swift in Sources */,
				55C9BA2C2B8F0CC5000DA101 /* SignUpView.swift in Sources */,
				55BC89102BD77E5700712A11 /* PermissionsView.swift in Sources */,
				55C9BA152B8EFFEC000DA101 /* TabBarView.swift in Sources */,
				55C9BA1A2B8F0685000DA101 /* EmailLoginView.swift in Sources */,
				55BC89172BD784FB00712A11 /* AddSubscriptionViewModel.swift in Sources */,
				55C8255E2BCF37F500BFFA07 /* ClientsViewModel.swift in Sources */,
				55F1691C2B84323400A0E057 /* LabCevitApp.swift in Sources */,
			);
			runOnlyForDeploymentPostprocessing = 0;
		};
/* End PBXSourcesBuildPhase section */

/* Begin XCBuildConfiguration section */
		55F169242B84323500A0E057 /* Debug */ = {
			isa = XCBuildConfiguration;
			buildSettings = {
				ALWAYS_SEARCH_USER_PATHS = NO;
				ASSETCATALOG_COMPILER_GENERATE_SWIFT_ASSET_SYMBOL_EXTENSIONS = YES;
				CLANG_ANALYZER_NONNULL = YES;
				CLANG_ANALYZER_NUMBER_OBJECT_CONVERSION = YES_AGGRESSIVE;
				CLANG_CXX_LANGUAGE_STANDARD = "gnu++20";
				CLANG_ENABLE_MODULES = YES;
				CLANG_ENABLE_OBJC_ARC = YES;
				CLANG_ENABLE_OBJC_WEAK = YES;
				CLANG_WARN_BLOCK_CAPTURE_AUTORELEASING = YES;
				CLANG_WARN_BOOL_CONVERSION = YES;
				CLANG_WARN_COMMA = YES;
				CLANG_WARN_CONSTANT_CONVERSION = YES;
				CLANG_WARN_DEPRECATED_OBJC_IMPLEMENTATIONS = YES;
				CLANG_WARN_DIRECT_OBJC_ISA_USAGE = YES_ERROR;
				CLANG_WARN_DOCUMENTATION_COMMENTS = YES;
				CLANG_WARN_EMPTY_BODY = YES;
				CLANG_WARN_ENUM_CONVERSION = YES;
				CLANG_WARN_INFINITE_RECURSION = YES;
				CLANG_WARN_INT_CONVERSION = YES;
				CLANG_WARN_NON_LITERAL_NULL_CONVERSION = YES;
				CLANG_WARN_OBJC_IMPLICIT_RETAIN_SELF = YES;
				CLANG_WARN_OBJC_LITERAL_CONVERSION = YES;
				CLANG_WARN_OBJC_ROOT_CLASS = YES_ERROR;
				CLANG_WARN_QUOTED_INCLUDE_IN_FRAMEWORK_HEADER = YES;
				CLANG_WARN_RANGE_LOOP_ANALYSIS = YES;
				CLANG_WARN_STRICT_PROTOTYPES = YES;
				CLANG_WARN_SUSPICIOUS_MOVE = YES;
				CLANG_WARN_UNGUARDED_AVAILABILITY = YES_AGGRESSIVE;
				CLANG_WARN_UNREACHABLE_CODE = YES;
				CLANG_WARN__DUPLICATE_METHOD_MATCH = YES;
				COPY_PHASE_STRIP = NO;
				DEBUG_INFORMATION_FORMAT = dwarf;
				ENABLE_STRICT_OBJC_MSGSEND = YES;
				ENABLE_TESTABILITY = YES;
				ENABLE_USER_SCRIPT_SANDBOXING = YES;
				GCC_C_LANGUAGE_STANDARD = gnu17;
				GCC_DYNAMIC_NO_PIC = NO;
				GCC_NO_COMMON_BLOCKS = YES;
				GCC_OPTIMIZATION_LEVEL = 0;
				GCC_PREPROCESSOR_DEFINITIONS = (
					"DEBUG=1",
					"$(inherited)",
				);
				GCC_WARN_64_TO_32_BIT_CONVERSION = YES;
				GCC_WARN_ABOUT_RETURN_TYPE = YES_ERROR;
				GCC_WARN_UNDECLARED_SELECTOR = YES;
				GCC_WARN_UNINITIALIZED_AUTOS = YES_AGGRESSIVE;
				GCC_WARN_UNUSED_FUNCTION = YES;
				GCC_WARN_UNUSED_VARIABLE = YES;
				IPHONEOS_DEPLOYMENT_TARGET = 15.0;
				LOCALIZATION_PREFERS_STRING_CATALOGS = YES;
				MTL_ENABLE_DEBUG_INFO = INCLUDE_SOURCE;
				MTL_FAST_MATH = YES;
				ONLY_ACTIVE_ARCH = YES;
				SDKROOT = iphoneos;
				SWIFT_ACTIVE_COMPILATION_CONDITIONS = "DEBUG $(inherited)";
				SWIFT_OPTIMIZATION_LEVEL = "-Onone";
			};
			name = Debug;
		};
		55F169252B84323500A0E057 /* Release */ = {
			isa = XCBuildConfiguration;
			buildSettings = {
				ALWAYS_SEARCH_USER_PATHS = NO;
				ASSETCATALOG_COMPILER_GENERATE_SWIFT_ASSET_SYMBOL_EXTENSIONS = YES;
				CLANG_ANALYZER_NONNULL = YES;
				CLANG_ANALYZER_NUMBER_OBJECT_CONVERSION = YES_AGGRESSIVE;
				CLANG_CXX_LANGUAGE_STANDARD = "gnu++20";
				CLANG_ENABLE_MODULES = YES;
				CLANG_ENABLE_OBJC_ARC = YES;
				CLANG_ENABLE_OBJC_WEAK = YES;
				CLANG_WARN_BLOCK_CAPTURE_AUTORELEASING = YES;
				CLANG_WARN_BOOL_CONVERSION = YES;
				CLANG_WARN_COMMA = YES;
				CLANG_WARN_CONSTANT_CONVERSION = YES;
				CLANG_WARN_DEPRECATED_OBJC_IMPLEMENTATIONS = YES;
				CLANG_WARN_DIRECT_OBJC_ISA_USAGE = YES_ERROR;
				CLANG_WARN_DOCUMENTATION_COMMENTS = YES;
				CLANG_WARN_EMPTY_BODY = YES;
				CLANG_WARN_ENUM_CONVERSION = YES;
				CLANG_WARN_INFINITE_RECURSION = YES;
				CLANG_WARN_INT_CONVERSION = YES;
				CLANG_WARN_NON_LITERAL_NULL_CONVERSION = YES;
				CLANG_WARN_OBJC_IMPLICIT_RETAIN_SELF = YES;
				CLANG_WARN_OBJC_LITERAL_CONVERSION = YES;
				CLANG_WARN_OBJC_ROOT_CLASS = YES_ERROR;
				CLANG_WARN_QUOTED_INCLUDE_IN_FRAMEWORK_HEADER = YES;
				CLANG_WARN_RANGE_LOOP_ANALYSIS = YES;
				CLANG_WARN_STRICT_PROTOTYPES = YES;
				CLANG_WARN_SUSPICIOUS_MOVE = YES;
				CLANG_WARN_UNGUARDED_AVAILABILITY = YES_AGGRESSIVE;
				CLANG_WARN_UNREACHABLE_CODE = YES;
				CLANG_WARN__DUPLICATE_METHOD_MATCH = YES;
				COPY_PHASE_STRIP = NO;
				DEBUG_INFORMATION_FORMAT = "dwarf-with-dsym";
				ENABLE_NS_ASSERTIONS = NO;
				ENABLE_STRICT_OBJC_MSGSEND = YES;
				ENABLE_USER_SCRIPT_SANDBOXING = YES;
				GCC_C_LANGUAGE_STANDARD = gnu17;
				GCC_NO_COMMON_BLOCKS = YES;
				GCC_WARN_64_TO_32_BIT_CONVERSION = YES;
				GCC_WARN_ABOUT_RETURN_TYPE = YES_ERROR;
				GCC_WARN_UNDECLARED_SELECTOR = YES;
				GCC_WARN_UNINITIALIZED_AUTOS = YES_AGGRESSIVE;
				GCC_WARN_UNUSED_FUNCTION = YES;
				GCC_WARN_UNUSED_VARIABLE = YES;
				IPHONEOS_DEPLOYMENT_TARGET = 15.0;
				LOCALIZATION_PREFERS_STRING_CATALOGS = YES;
				MTL_ENABLE_DEBUG_INFO = NO;
				MTL_FAST_MATH = YES;
				SDKROOT = iphoneos;
				SWIFT_COMPILATION_MODE = wholemodule;
				VALIDATE_PRODUCT = YES;
			};
			name = Release;
		};
		55F169272B84323500A0E057 /* Debug */ = {
			isa = XCBuildConfiguration;
			buildSettings = {
				ASSETCATALOG_COMPILER_APPICON_NAME = AppIcon;
				ASSETCATALOG_COMPILER_GLOBAL_ACCENT_COLOR_NAME = AccentColor;
				CODE_SIGN_STYLE = Automatic;
				CURRENT_PROJECT_VERSION = 1;
				DEVELOPMENT_ASSET_PATHS = "\"LabCevit/Preview Content\"";
				DEVELOPMENT_TEAM = 6XGMV6AP89;
				ENABLE_PREVIEWS = YES;
				GENERATE_INFOPLIST_FILE = YES;
				INFOPLIST_KEY_CFBundleDisplayName = Cevit;
				INFOPLIST_KEY_LSApplicationCategoryType = "public.app-category.education";
				INFOPLIST_KEY_UIApplicationSceneManifest_Generation = YES;
				INFOPLIST_KEY_UIApplicationSupportsIndirectInputEvents = YES;
				INFOPLIST_KEY_UILaunchScreen_Generation = YES;
				INFOPLIST_KEY_UISupportedInterfaceOrientations = UIInterfaceOrientationPortrait;
				INFOPLIST_KEY_UISupportedInterfaceOrientations_iPad = "UIInterfaceOrientationPortrait UIInterfaceOrientationPortraitUpsideDown";
				IPHONEOS_DEPLOYMENT_TARGET = 15.0;
				LD_RUNPATH_SEARCH_PATHS = (
					"$(inherited)",
					"@executable_path/Frameworks",
				);
				MARKETING_VERSION = 1.0;
				PRODUCT_BUNDLE_IDENTIFIER = com.labcevit.LabCevit;
				PRODUCT_NAME = "$(TARGET_NAME)";
				SWIFT_EMIT_LOC_STRINGS = YES;
				SWIFT_VERSION = 5.0;
				TARGETED_DEVICE_FAMILY = "1,2";
			};
			name = Debug;
		};
		55F169282B84323500A0E057 /* Release */ = {
			isa = XCBuildConfiguration;
			buildSettings = {
				ASSETCATALOG_COMPILER_APPICON_NAME = AppIcon;
				ASSETCATALOG_COMPILER_GLOBAL_ACCENT_COLOR_NAME = AccentColor;
				CODE_SIGN_STYLE = Automatic;
				CURRENT_PROJECT_VERSION = 1;
				DEVELOPMENT_ASSET_PATHS = "\"LabCevit/Preview Content\"";
				DEVELOPMENT_TEAM = 6XGMV6AP89;
				ENABLE_PREVIEWS = YES;
				GENERATE_INFOPLIST_FILE = YES;
				INFOPLIST_KEY_CFBundleDisplayName = Cevit;
				INFOPLIST_KEY_LSApplicationCategoryType = "public.app-category.education";
				INFOPLIST_KEY_UIApplicationSceneManifest_Generation = YES;
				INFOPLIST_KEY_UIApplicationSupportsIndirectInputEvents = YES;
				INFOPLIST_KEY_UILaunchScreen_Generation = YES;
				INFOPLIST_KEY_UISupportedInterfaceOrientations = UIInterfaceOrientationPortrait;
				INFOPLIST_KEY_UISupportedInterfaceOrientations_iPad = "UIInterfaceOrientationPortrait UIInterfaceOrientationPortraitUpsideDown";
				IPHONEOS_DEPLOYMENT_TARGET = 15.0;
				LD_RUNPATH_SEARCH_PATHS = (
					"$(inherited)",
					"@executable_path/Frameworks",
				);
				MARKETING_VERSION = 1.0;
				PRODUCT_BUNDLE_IDENTIFIER = com.labcevit.LabCevit;
				PRODUCT_NAME = "$(TARGET_NAME)";
				SWIFT_EMIT_LOC_STRINGS = YES;
				SWIFT_VERSION = 5.0;
				TARGETED_DEVICE_FAMILY = "1,2";
			};
			name = Release;
		};
/* End XCBuildConfiguration section */

/* Begin XCConfigurationList section */
		55F169132B84323400A0E057 /* Build configuration list for PBXProject "LabCevit" */ = {
			isa = XCConfigurationList;
			buildConfigurations = (
				55F169242B84323500A0E057 /* Debug */,
				55F169252B84323500A0E057 /* Release */,
			);
			defaultConfigurationIsVisible = 0;
			defaultConfigurationName = Release;
		};
		55F169262B84323500A0E057 /* Build configuration list for PBXNativeTarget "LabCevit" */ = {
			isa = XCConfigurationList;
			buildConfigurations = (
				55F169272B84323500A0E057 /* Debug */,
				55F169282B84323500A0E057 /* Release */,
			);
			defaultConfigurationIsVisible = 0;
			defaultConfigurationName = Release;
		};
/* End XCConfigurationList section */

/* Begin XCRemoteSwiftPackageReference section */
		55C825632BCF417600BFFA07 /* XCRemoteSwiftPackageReference "Alamofire" */ = {
			isa = XCRemoteSwiftPackageReference;
			repositoryURL = "https://github.com/Alamofire/Alamofire.git";
			requirement = {
				kind = upToNextMajorVersion;
				minimumVersion = 5.9.1;
			};
		};
		55C9BA1F2B8F0B94000DA101 /* XCRemoteSwiftPackageReference "amplify-swift" */ = {
			isa = XCRemoteSwiftPackageReference;
			repositoryURL = "https://github.com/aws-amplify/amplify-swift.git";
			requirement = {
				kind = upToNextMajorVersion;
				minimumVersion = 2.27.0;
			};
		};
/* End XCRemoteSwiftPackageReference section */

/* Begin XCSwiftPackageProductDependency section */
		55C825642BCF417600BFFA07 /* Alamofire */ = {
			isa = XCSwiftPackageProductDependency;
			package = 55C825632BCF417600BFFA07 /* XCRemoteSwiftPackageReference "Alamofire" */;
			productName = Alamofire;
		};
		55C825662BCF417600BFFA07 /* AlamofireDynamic */ = {
			isa = XCSwiftPackageProductDependency;
			package = 55C825632BCF417600BFFA07 /* XCRemoteSwiftPackageReference "Alamofire" */;
			productName = AlamofireDynamic;
		};
		55C9BA202B8F0B94000DA101 /* AWSCognitoAuthPlugin */ = {
			isa = XCSwiftPackageProductDependency;
			package = 55C9BA1F2B8F0B94000DA101 /* XCRemoteSwiftPackageReference "amplify-swift" */;
			productName = AWSCognitoAuthPlugin;
		};
		55C9BA222B8F0B94000DA101 /* AWSPluginsCore */ = {
			isa = XCSwiftPackageProductDependency;
			package = 55C9BA1F2B8F0B94000DA101 /* XCRemoteSwiftPackageReference "amplify-swift" */;
			productName = AWSPluginsCore;
		};
		55C9BA242B8F0B94000DA101 /* Amplify */ = {
			isa = XCSwiftPackageProductDependency;
			package = 55C9BA1F2B8F0B94000DA101 /* XCRemoteSwiftPackageReference "amplify-swift" */;
			productName = Amplify;
		};
/* End XCSwiftPackageProductDependency section */
	};
	rootObject = 55F169102B84323400A0E057 /* Project object */;
}
